{
  "nodes": {
    "nixpkgs": {
      "locked": {
        "lastModified": 1630651144,
        "narHash": "sha256-Q9vSzbYbN74WS8RN6wndylCefZTYETW06frPDBcrTZM=",
        "owner": "NixOS",
        "repo": "nixpkgs",
        "rev": "698335e05af68a49e629e417520a967f60c854cc",
        "type": "github"
      },
      "original": {
        "owner": "NixOS",
        "ref": "master",
        "repo": "nixpkgs",
        "type": "github"
      }
    },
    "root": {
      "inputs": {
        "nixpkgs": "nixpkgs"
      }
    }
  },
  "root": "root",
  "version": 7
}
